// !$*UTF8*$!
{
	archiveVersion = 1;
	classes = {
	};
	objectVersion = 46;
	objects = {

/* Begin PBXBuildFile section */
		0654233A1AA69546007696FE /* IOStream.cpp in Sources */ = {isa = PBXBuildFile; fileRef = 065423371AA69546007696FE /* IOStream.cpp */; };
		0654233B1AA69546007696FE /* IOStream.h in Headers */ = {isa = PBXBuildFile; fileRef = 065423381AA69546007696FE /* IOStream.h */; };
		0654233C1AA69546007696FE /* net_springfieldusa_io_serial_IOStream.h in Headers */ = {isa = PBXBuildFile; fileRef = 065423391AA69546007696FE /* net_springfieldusa_io_serial_IOStream.h */; };
/* End PBXBuildFile section */

/* Begin PBXFileReference section */
		0654232A1AA694EC007696FE /* libio.serial.native.dylib */ = {isa = PBXFileReference; explicitFileType = "compiled.mach-o.dylib"; includeInIndex = 0; path = libio.serial.native.dylib; sourceTree = BUILT_PRODUCTS_DIR; };
		065423371AA69546007696FE /* IOStream.cpp */ = {isa = PBXFileReference; fileEncoding = 4; lastKnownFileType = sourcecode.cpp.cpp; name = IOStream.cpp; path = ../IOStream.cpp; sourceTree = "<group>"; };
		065423381AA69546007696FE /* IOStream.h */ = {isa = PBXFileReference; fileEncoding = 4; lastKnownFileType = sourcecode.c.h; name = IOStream.h; path = ../IOStream.h; sourceTree = "<group>"; };
		065423391AA69546007696FE /* net_springfieldusa_io_serial_IOStream.h */ = {isa = PBXFileReference; fileEncoding = 4; lastKnownFileType = sourcecode.c.h; name = net_springfieldusa_io_serial_IOStream.h; path = ../net_springfieldusa_io_serial_IOStream.h; sourceTree = "<group>"; };
/* End PBXFileReference section */

/* Begin PBXFrameworksBuildPhase section */
		065423271AA694EC007696FE /* Frameworks */ = {
			isa = PBXFrameworksBuildPhase;
			buildActionMask = 2147483647;
			files = (
			);
			runOnlyForDeploymentPostprocessing = 0;
		};
/* End PBXFrameworksBuildPhase section */

/* Begin PBXGroup section */
		065423211AA694EC007696FE = {
			isa = PBXGroup;
			children = (
				065423371AA69546007696FE /* IOStream.cpp */,
				065423381AA69546007696FE /* IOStream.h */,
				065423391AA69546007696FE /* net_springfieldusa_io_serial_IOStream.h */,
				0654232B1AA694EC007696FE /* Products */,
			);
			sourceTree = "<group>";
		};
		0654232B1AA694EC007696FE /* Products */ = {
			isa = PBXGroup;
			children = (
				0654232A1AA694EC007696FE /* libio.serial.native.dylib */,
			);
			name = Products;
			sourceTree = "<group>";
		};
/* End PBXGroup section */

/* Begin PBXHeadersBuildPhase section */
		065423281AA694EC007696FE /* Headers */ = {
			isa = PBXHeadersBuildPhase;
			buildActionMask = 2147483647;
			files = (
				0654233C1AA69546007696FE /* net_springfieldusa_io_serial_IOStream.h in Headers */,
				0654233B1AA69546007696FE /* IOStream.h in Headers */,
			);
			runOnlyForDeploymentPostprocessing = 0;
		};
/* End PBXHeadersBuildPhase section */

/* Begin PBXNativeTarget section */
		065423291AA694EC007696FE /* io.serial.native */ = {
			isa = PBXNativeTarget;
			buildConfigurationList = 0654232E1AA694EC007696FE /* Build configuration list for PBXNativeTarget "io.serial.native" */;
			buildPhases = (
				065423261AA694EC007696FE /* Sources */,
				065423271AA694EC007696FE /* Frameworks */,
				065423281AA694EC007696FE /* Headers */,
			);
			buildRules = (
			);
			dependencies = (
			);
			name = io.serial.native;
			productName = io.serial.native;
			productReference = 0654232A1AA694EC007696FE /* libio.serial.native.dylib */;
			productType = "com.apple.product-type.library.dynamic";
		};
/* End PBXNativeTarget section */

/* Begin PBXProject section */
		065423221AA694EC007696FE /* Project object */ = {
			isa = PBXProject;
			attributes = {
				LastUpgradeCheck = 0610;
				ORGANIZATIONNAME = "Bryan Hunt";
				TargetAttributes = {
					065423291AA694EC007696FE = {
						CreatedOnToolsVersion = 6.1.1;
					};
				};
			};
			buildConfigurationList = 065423251AA694EC007696FE /* Build configuration list for PBXProject "io.serial.native" */;
			compatibilityVersion = "Xcode 3.2";
			developmentRegion = English;
			hasScannedForEncodings = 0;
			knownRegions = (
				en,
			);
			mainGroup = 065423211AA694EC007696FE;
			productRefGroup = 0654232B1AA694EC007696FE /* Products */;
			projectDirPath = "";
			projectRoot = "";
			targets = (
				065423291AA694EC007696FE /* io.serial.native */,
			);
		};
/* End PBXProject section */

/* Begin PBXSourcesBuildPhase section */
		065423261AA694EC007696FE /* Sources */ = {
			isa = PBXSourcesBuildPhase;
			buildActionMask = 2147483647;
			files = (
				0654233A1AA69546007696FE /* IOStream.cpp in Sources */,
			);
			runOnlyForDeploymentPostprocessing = 0;
		};
/* End PBXSourcesBuildPhase section */

/* Begin XCBuildConfiguration section */
		0654232C1AA694EC007696FE /* Debug */ = {
			isa = XCBuildConfiguration;
			buildSettings = {
				ALWAYS_SEARCH_USER_PATHS = NO;
				CLANG_CXX_LANGUAGE_STANDARD = "gnu++0x";
				CLANG_CXX_LIBRARY = "libc++";
				CLANG_ENABLE_MODULES = YES;
				CLANG_ENABLE_OBJC_ARC = YES;
				CLANG_WARN_BOOL_CONVERSION = YES;
				CLANG_WARN_CONSTANT_CONVERSION = YES;
				CLANG_WARN_DIRECT_OBJC_ISA_USAGE = YES_ERROR;
				CLANG_WARN_EMPTY_BODY = YES;
				CLANG_WARN_ENUM_CONVERSION = YES;
				CLANG_WARN_INT_CONVERSION = YES;
				CLANG_WARN_OBJC_ROOT_CLASS = YES_ERROR;
				CLANG_WARN_UNREACHABLE_CODE = YES;
				CLANG_WARN__DUPLICATE_METHOD_MATCH = YES;
				COPY_PHASE_STRIP = NO;
				ENABLE_STRICT_OBJC_MSGSEND = YES;
				GCC_C_LANGUAGE_STANDARD = gnu99;
				GCC_DYNAMIC_NO_PIC = NO;
				GCC_OPTIMIZATION_LEVEL = 0;
				GCC_PREPROCESSOR_DEFINITIONS = (
					"DEBUG=1",
					"$(inherited)",
				);
				GCC_SYMBOLS_PRIVATE_EXTERN = NO;
				GCC_WARN_64_TO_32_BIT_CONVERSION = YES;
				GCC_WARN_ABOUT_RETURN_TYPE = YES_ERROR;
				GCC_WARN_UNDECLARED_SELECTOR = YES;
				GCC_WARN_UNINITIALIZED_AUTOS = YES_AGGRESSIVE;
				GCC_WARN_UNUSED_FUNCTION = YES;
				GCC_WARN_UNUSED_VARIABLE = YES;
				MACOSX_DEPLOYMENT_TARGET = 10.10;
				MTL_ENABLE_DEBUG_INFO = YES;
				ONLY_ACTIVE_ARCH = YES;
				SDKROOT = macosx;
			};
			name = Debug;
		};
		0654232D1AA694EC007696FE /* Release */ = {
			isa = XCBuildConfiguration;
			buildSettings = {
				ALWAYS_SEARCH_USER_PATHS = NO;
				CLANG_CXX_LANGUAGE_STANDARD = "gnu++0x";
				CLANG_CXX_LIBRARY = "libc++";
				CLANG_ENABLE_MODULES = YES;
				CLANG_ENABLE_OBJC_ARC = YES;
				CLANG_WARN_BOOL_CONVERSION = YES;
				CLANG_WARN_CONSTANT_CONVERSION = YES;
				CLANG_WARN_DIRECT_OBJC_ISA_USAGE = YES_ERROR;
				CLANG_WARN_EMPTY_BODY = YES;
				CLANG_WARN_ENUM_CONVERSION = YES;
				CLANG_WARN_INT_CONVERSION = YES;
				CLANG_WARN_OBJC_ROOT_CLASS = YES_ERROR;
				CLANG_WARN_UNREACHABLE_CODE = YES;
				CLANG_WARN__DUPLICATE_METHOD_MATCH = YES;
				COPY_PHASE_STRIP = YES;
				DEBUG_INFORMATION_FORMAT = "dwarf-with-dsym";
				ENABLE_NS_ASSERTIONS = NO;
				ENABLE_STRICT_OBJC_MSGSEND = YES;
				GCC_C_LANGUAGE_STANDARD = gnu99;
				GCC_WARN_64_TO_32_BIT_CONVERSION = YES;
				GCC_WARN_ABOUT_RETURN_TYPE = YES_ERROR;
				GCC_WARN_UNDECLARED_SELECTOR = YES;
				GCC_WARN_UNINITIALIZED_AUTOS = YES_AGGRESSIVE;
				GCC_WARN_UNUSED_FUNCTION = YES;
				GCC_WARN_UNUSED_VARIABLE = YES;
				MACOSX_DEPLOYMENT_TARGET = 10.10;
				MTL_ENABLE_DEBUG_INFO = NO;
				SDKROOT = macosx;
			};
			name = Release;
		};
		0654232F1AA694EC007696FE /* Debug */ = {
			isa = XCBuildConfiguration;
			buildSettings = {
				DYLIB_COMPATIBILITY_VERSION = 1;
				DYLIB_CURRENT_VERSION = 1;
				EXECUTABLE_PREFIX = lib;
				HEADER_SEARCH_PATHS = (
					"$(inherited)",
					/Applications/Xcode.app/Contents/Developer/Toolchains/XcodeDefault.xctoolchain/usr/include,
					/Library/Java/JavaVirtualMachines/jdk1.8.0_31.jdk/Contents/Home/include/darwin,
					/Library/Java/JavaVirtualMachines/jdk1.8.0_31.jdk/Contents/Home/include,
				);
				PRODUCT_NAME = "$(TARGET_NAME)";
			};
			name = Debug;
		};
		065423301AA694EC007696FE /* Release */ = {
			isa = XCBuildConfiguration;
			buildSettings = {
				DYLIB_COMPATIBILITY_VERSION = 1;
				DYLIB_CURRENT_VERSION = 1;
				EXECUTABLE_PREFIX = lib;
				HEADER_SEARCH_PATHS = (
					"$(inherited)",
					/Applications/Xcode.app/Contents/Developer/Toolchains/XcodeDefault.xctoolchain/usr/include,
					/Library/Java/JavaVirtualMachines/jdk1.8.0_31.jdk/Contents/Home/include/darwin,
					/Library/Java/JavaVirtualMachines/jdk1.8.0_31.jdk/Contents/Home/include,
				);
				PRODUCT_NAME = "$(TARGET_NAME)";
			};
			name = Release;
		};
/* End XCBuildConfiguration section */

/* Begin XCConfigurationList section */
		065423251AA694EC007696FE /* Build configuration list for PBXProject "io.serial.native" */ = {
			isa = XCConfigurationList;
			buildConfigurations = (
				0654232C1AA694EC007696FE /* Debug */,
				0654232D1AA694EC007696FE /* Release */,
			);
			defaultConfigurationIsVisible = 0;
			defaultConfigurationName = Release;
		};
		0654232E1AA694EC007696FE /* Build configuration list for PBXNativeTarget "io.serial.native" */ = {
			isa = XCConfigurationList;
			buildConfigurations = (
				0654232F1AA694EC007696FE /* Debug */,
				065423301AA694EC007696FE /* Release */,
			);
			defaultConfigurationIsVisible = 0;
		};
/* End XCConfigurationList section */
	};
	rootObject = 065423221AA694EC007696FE /* Project object */;
}
